
Microsoft Visual Studio Solution File, Format Version 12.00
# Visual Studio 2013
VisualStudioVersion = 12.0.21005.1
MinimumVisualStudioVersion = 10.0.40219.1
Project("{FAE04EC0-301F-11D3-BF4B-00C04F79EFBC}") = "liveWeb", "liveWeb\liveWeb.csproj", "{08DCD8FC-1BE7-4355-86A3-70FC48D2DE3B}"
EndProject
Project("{FAE04EC0-301F-11D3-BF4B-00C04F79EFBC}") = "liveWeb.Tests", "liveWeb.Tests\liveWeb.Tests.csproj", "{66E3CA00-81BB-4FE6-B8F6-63322F6B0DA2}"
EndProject
Global
	GlobalSection(SolutionConfigurationPlatforms) = preSolution
		Debug|Any CPU = Debug|Any CPU
		Release|Any CPU = Release|Any CPU
	EndGlobalSection
	GlobalSection(ProjectConfigurationPlatforms) = postSolution
		{08DCD8FC-1BE7-4355-86A3-70FC48D2DE3B}.Debug|Any CPU.ActiveCfg = Debug|Any CPU
		{08DCD8FC-1BE7-4355-86A3-70FC48D2DE3B}.Debug|Any CPU.Build.0 = Debug|Any CPU
		{08DCD8FC-1BE7-4355-86A3-70FC48D2DE3B}.Release|Any CPU.ActiveCfg = Release|Any CPU
		{08DCD8FC-1BE7-4355-86A3-70FC48D2DE3B}.Release|Any CPU.Build.0 = Release|Any CPU
		{66E3CA00-81BB-4FE6-B8F6-63322F6B0DA2}.Debug|Any CPU.ActiveCfg = Debug|Any CPU
		{66E3CA00-81BB-4FE6-B8F6-63322F6B0DA2}.Debug|Any CPU.Build.0 = Debug|Any CPU
		{66E3CA00-81BB-4FE6-B8F6-63322F6B0DA2}.Release|Any CPU.ActiveCfg = Release|Any CPU
		{66E3CA00-81BB-4FE6-B8F6-63322F6B0DA2}.Release|Any CPU.Build.0 = Release|Any CPU
	EndGlobalSection
	GlobalSection(SolutionProperties) = preSolution
		HideSolutionNode = FALSE
	EndGlobalSection
EndGlobal
